
Microsoft Visual Studio Solution File, Format Version 12.00
# Visual Studio Version 17
VisualStudioVersion = 17.5.2.0
MinimumVisualStudioVersion = 10.0.40219.1
Project("{FAE04EC0-301F-11D3-BF4B-00C04F79EFBC}") = "Exercício4", "Exercício4.csproj", "{6BF2DC55-9F3E-E491-4B05-7BD40813FA09}"
EndProject
Global
	GlobalSection(SolutionConfigurationPlatforms) = preSolution
		Debug|Any CPU = Debug|Any CPU
		Release|Any CPU = Release|Any CPU
	EndGlobalSection
	GlobalSection(ProjectConfigurationPlatforms) = postSolution
		{6BF2DC55-9F3E-E491-4B05-7BD40813FA09}.Debug|Any CPU.ActiveCfg = Debug|Any CPU
		{6BF2DC55-9F3E-E491-4B05-7BD40813FA09}.Debug|Any CPU.Build.0 = Debug|Any CPU
		{6BF2DC55-9F3E-E491-4B05-7BD40813FA09}.Release|Any CPU.ActiveCfg = Release|Any CPU
		{6BF2DC55-9F3E-E491-4B05-7BD40813FA09}.Release|Any CPU.Build.0 = Release|Any CPU
	EndGlobalSection
	GlobalSection(SolutionProperties) = preSolution
		HideSolutionNode = FALSE
	EndGlobalSection
	GlobalSection(ExtensibilityGlobals) = postSolution
		SolutionGuid = {7032B442-7F11-427B-9F6D-6051144AE664}
	EndGlobalSection
EndGlobal
