
Microsoft Visual Studio Solution File, Format Version 12.00
# Visual Studio Version 17
VisualStudioVersion = 17.5.2.0
MinimumVisualStudioVersion = 10.0.40219.1
Project("{FAE04EC0-301F-11D3-BF4B-00C04F79EFBC}") = "Exercício3", "Exercício3.csproj", "{E11C5E5E-4288-10D4-BC5A-1C6381843F24}"
EndProject
Global
	GlobalSection(SolutionConfigurationPlatforms) = preSolution
		Debug|Any CPU = Debug|Any CPU
		Release|Any CPU = Release|Any CPU
	EndGlobalSection
	GlobalSection(ProjectConfigurationPlatforms) = postSolution
		{E11C5E5E-4288-10D4-BC5A-1C6381843F24}.Debug|Any CPU.ActiveCfg = Debug|Any CPU
		{E11C5E5E-4288-10D4-BC5A-1C6381843F24}.Debug|Any CPU.Build.0 = Debug|Any CPU
		{E11C5E5E-4288-10D4-BC5A-1C6381843F24}.Release|Any CPU.ActiveCfg = Release|Any CPU
		{E11C5E5E-4288-10D4-BC5A-1C6381843F24}.Release|Any CPU.Build.0 = Release|Any CPU
	EndGlobalSection
	GlobalSection(SolutionProperties) = preSolution
		HideSolutionNode = FALSE
	EndGlobalSection
	GlobalSection(ExtensibilityGlobals) = postSolution
		SolutionGuid = {453F0C73-64D7-43B7-8DA7-A0ED098573E0}
	EndGlobalSection
EndGlobal
