
Microsoft Visual Studio Solution File, Format Version 12.00
# Visual Studio Version 17
VisualStudioVersion = 17.5.2.0
MinimumVisualStudioVersion = 10.0.40219.1
Project("{FAE04EC0-301F-11D3-BF4B-00C04F79EFBC}") = "Triângulo", "Triângulo.csproj", "{99F03127-4406-2408-18A0-AA2033616159}"
EndProject
Global
	GlobalSection(SolutionConfigurationPlatforms) = preSolution
		Debug|Any CPU = Debug|Any CPU
		Release|Any CPU = Release|Any CPU
	EndGlobalSection
	GlobalSection(ProjectConfigurationPlatforms) = postSolution
		{99F03127-4406-2408-18A0-AA2033616159}.Debug|Any CPU.ActiveCfg = Debug|Any CPU
		{99F03127-4406-2408-18A0-AA2033616159}.Debug|Any CPU.Build.0 = Debug|Any CPU
		{99F03127-4406-2408-18A0-AA2033616159}.Release|Any CPU.ActiveCfg = Release|Any CPU
		{99F03127-4406-2408-18A0-AA2033616159}.Release|Any CPU.Build.0 = Release|Any CPU
	EndGlobalSection
	GlobalSection(SolutionProperties) = preSolution
		HideSolutionNode = FALSE
	EndGlobalSection
	GlobalSection(ExtensibilityGlobals) = postSolution
		SolutionGuid = {ABE40448-FA5B-45FB-9683-E85082C21613}
	EndGlobalSection
EndGlobal
