
Microsoft Visual Studio Solution File, Format Version 12.00
# Visual Studio Version 17
VisualStudioVersion = 17.5.002.0
MinimumVisualStudioVersion = 10.0.40219.1
Project("{9A19103F-16F7-4668-BE54-9A1E7A4F7556}") = "Exercicio1", "Exercicio1.csproj", "{8FABA841-EA36-46C0-9E80-42B28CF991BD}"
EndProject
Global
	GlobalSection(SolutionConfigurationPlatforms) = preSolution
		Debug|Any CPU = Debug|Any CPU
		Release|Any CPU = Release|Any CPU
	EndGlobalSection
	GlobalSection(ProjectConfigurationPlatforms) = postSolution
		{8FABA841-EA36-46C0-9E80-42B28CF991BD}.Debug|Any CPU.ActiveCfg = Debug|Any CPU
		{8FABA841-EA36-46C0-9E80-42B28CF991BD}.Debug|Any CPU.Build.0 = Debug|Any CPU
		{8FABA841-EA36-46C0-9E80-42B28CF991BD}.Release|Any CPU.ActiveCfg = Release|Any CPU
		{8FABA841-EA36-46C0-9E80-42B28CF991BD}.Release|Any CPU.Build.0 = Release|Any CPU
	EndGlobalSection
	GlobalSection(SolutionProperties) = preSolution
		HideSolutionNode = FALSE
	EndGlobalSection
	GlobalSection(ExtensibilityGlobals) = postSolution
		SolutionGuid = {ADAE7D1F-AD58-40C4-9651-0C7E871D9EE4}
	EndGlobalSection
EndGlobal
