
Microsoft Visual Studio Solution File, Format Version 12.00
# Visual Studio Version 17
VisualStudioVersion = 17.0.31903.59
MinimumVisualStudioVersion = 10.0.40219.1
Project("{FAE04EC0-301F-11D3-BF4B-00C04F79EFBC}") = "Recursividade1", "Recursividade1\Recursividade1.csproj", "{E5B2AD7F-AC25-4DAD-870A-377EE4EE940B}"
EndProject
Global
	GlobalSection(SolutionConfigurationPlatforms) = preSolution
		Debug|Any CPU = Debug|Any CPU
		Release|Any CPU = Release|Any CPU
	EndGlobalSection
	GlobalSection(SolutionProperties) = preSolution
		HideSolutionNode = FALSE
	EndGlobalSection
	GlobalSection(ProjectConfigurationPlatforms) = postSolution
		{E5B2AD7F-AC25-4DAD-870A-377EE4EE940B}.Debug|Any CPU.ActiveCfg = Debug|Any CPU
		{E5B2AD7F-AC25-4DAD-870A-377EE4EE940B}.Debug|Any CPU.Build.0 = Debug|Any CPU
		{E5B2AD7F-AC25-4DAD-870A-377EE4EE940B}.Release|Any CPU.ActiveCfg = Release|Any CPU
		{E5B2AD7F-AC25-4DAD-870A-377EE4EE940B}.Release|Any CPU.Build.0 = Release|Any CPU
	EndGlobalSection
EndGlobal
