
Microsoft Visual Studio Solution File, Format Version 12.00
# Visual Studio Version 17
VisualStudioVersion = 17.5.002.0
MinimumVisualStudioVersion = 10.0.40219.1
Project("{9A19103F-16F7-4668-BE54-9A1E7A4F7556}") = "Exercicios_FP9", "Exercicios_FP9.csproj", "{F1D330E8-198D-43FC-AF6E-64ED47EEFD3E}"
EndProject
Global
	GlobalSection(SolutionConfigurationPlatforms) = preSolution
		Debug|Any CPU = Debug|Any CPU
		Release|Any CPU = Release|Any CPU
	EndGlobalSection
	GlobalSection(ProjectConfigurationPlatforms) = postSolution
		{F1D330E8-198D-43FC-AF6E-64ED47EEFD3E}.Debug|Any CPU.ActiveCfg = Debug|Any CPU
		{F1D330E8-198D-43FC-AF6E-64ED47EEFD3E}.Debug|Any CPU.Build.0 = Debug|Any CPU
		{F1D330E8-198D-43FC-AF6E-64ED47EEFD3E}.Release|Any CPU.ActiveCfg = Release|Any CPU
		{F1D330E8-198D-43FC-AF6E-64ED47EEFD3E}.Release|Any CPU.Build.0 = Release|Any CPU
	EndGlobalSection
	GlobalSection(SolutionProperties) = preSolution
		HideSolutionNode = FALSE
	EndGlobalSection
	GlobalSection(ExtensibilityGlobals) = postSolution
		SolutionGuid = {28F834C3-AEE7-483F-B3F7-B4B1105D5045}
	EndGlobalSection
EndGlobal
