Microsoft Visual Studio Solution File, Format Version 12.00
# Visual Studio Version 17
VisualStudioVersion = 17.5.2.0
MinimumVisualStudioVersion = 10.0.40219.1
Project("{FAE04EC0-301F-11D3-BF4B-00C04F79EFBC}") = "Exerxicio2", "Exerxicio2.csproj", "{35AB916D-41C5-25CA-6F44-E6E1F55D7E36}"
EndProject
Global
	GlobalSection(SolutionConfigurationPlatforms) = preSolution
		Debug|Any CPU = Debug|Any CPU
		Release|Any CPU = Release|Any CPU
	EndGlobalSection
	GlobalSection(ProjectConfigurationPlatforms) = postSolution
		{35AB916D-41C5-25CA-6F44-E6E1F55D7E36}.Debug|Any CPU.ActiveCfg = Debug|Any CPU
		{35AB916D-41C5-25CA-6F44-E6E1F55D7E36}.Debug|Any CPU.Build.0 = Debug|Any CPU
		{35AB916D-41C5-25CA-6F44-E6E1F55D7E36}.Release|Any CPU.ActiveCfg = Release|Any CPU
		{35AB916D-41C5-25CA-6F44-E6E1F55D7E36}.Release|Any CPU.Build.0 = Release|Any CPU
	EndGlobalSection
	GlobalSection(SolutionProperties) = preSolution
		HideSolutionNode = FALSE
	EndGlobalSection
	GlobalSection(ExtensibilityGlobals) = postSolution
		SolutionGuid = {16D332D3-EC1E-4BC7-BC8E-D1A9B964DE77}
	EndGlobalSection
EndGlobal
